{
  "version": "5",
  "specifiers": {
    "jsr:@std/assert@*": "1.0.19",
    "jsr:@std/internal@^1.0.12": "1.0.14"
  },
  "jsr": {
    "@std/assert@1.0.19": {
      "integrity": "eaada96ee120cb980bc47e040f82814d786fe8162ecc53c91d8df60b8755991e",
      "dependencies": [
        "jsr:@std/internal"
      ]
    },
    "@std/internal@1.0.14": {
      "integrity": "291516b3d4c35024d6ffbc0a9df5bf4c64116e05b50012cf846710152d2ffdf7"
    }
  },
  "workspace": {
    "packageJson": {
      "dependencies": [
        "npm:@axe-core/playwright@^4.10.0",
        "npm:@fontsource/fraunces@5.3.0",
        "npm:@fontsource/inter@5.3.0",
        "npm:@playwright/test@1.63.0",
        "npm:@supabase/supabase-js@^2.50.0",
        "npm:@tanstack/react-query@^5.80.0",
        "npm:@testing-library/jest-dom@^6.6.0",
        "npm:@testing-library/react@^16.3.0",
        "npm:@types/node@^26.6.3",
        "npm:@types/react-dom@^19.1.0",
        "npm:@types/react@^19.1.0",
        "npm:@vitejs/plugin-react@5",
        "npm:eslint-plugin-react-hooks@^5.2.0",
        "npm:eslint-plugin-react-refresh@~0.4.20",
        "npm:eslint@^9.30.0",
        "npm:globals@16",
        "npm:jsdom@26",
        "npm:postcss@^8.5.0",
        "npm:prettier@^3.6.0",
        "npm:react-dom@^19.1.0",
        "npm:react-intl@^7.1.0",
        "npm:react-router@^7.6.0",
        "npm:react@^19.1.0",
        "npm:typescript-eslint@^8.35.0",
        "npm:typescript@~5.9.2",
        "npm:vite@^7.1.0",
        "npm:vitest@^5.0.3",
        "npm:zod@4"
      ]
    }
  }
}
